# THIS IS AN AUTOGENERATED FILE. DO NOT EDIT THIS FILE DIRECTLY.
# yarn lockfile v1


"@types/mdast@^3.0.0":
  version "3.0.3"
  resolved "https://registry.npmjs.intuit.com:443/artifactory/api/npm/npm-intuit/@types/mdast/-/mdast-3.0.3.tgz#2d7d671b1cd1ea3deb306ea75036c2a0407d2deb"
  integrity sha1-LX1nGxzR6j3rMG6nUDbCoEB9Les=
  dependencies:
    "@types/unist" "*"

"@types/unist@*", "@types/unist@^2.0.0", "@types/unist@^2.0.2":
  version "2.0.3"
  resolved "https://registry.npmjs.intuit.com:443/artifactory/api/npm/npm-intuit/@types/unist/-/unist-2.0.3.tgz#9c088679876f374eb5983f150d4787aa6fb32d7e"
  integrity sha1-nAiGeYdvN061mD8VDUeHqm+zLX4=

bail@^1.0.0:
  version "1.0.5"
  resolved "https://registry.npmjs.intuit.com:443/artifactory/api/npm/npm-intuit/bail/-/bail-1.0.5.tgz#b6fa133404a392cbc1f8c4bf63f5953351e7a776"
  integrity sha1-tvoTNASjksvB+MS/Y/WVM1Hnp3Y=

character-entities-legacy@^1.0.0:
  version "1.1.4"
  resolved "https://registry.npmjs.intuit.com:443/artifactory/api/npm/npm-intuit/character-entities-legacy/-/character-entities-legacy-1.1.4.tgz#94bc1845dce70a5bb9d2ecc748725661293d8fc1"
  integrity sha1-lLwYRdznClu50uzHSHJWYSk9j8E=

character-entities@^1.0.0:
  version "1.2.4"
  resolved "https://registry.npmjs.intuit.com:443/artifactory/api/npm/npm-intuit/character-entities/-/character-entities-1.2.4.tgz#e12c3939b7eaf4e5b15e7ad4c5e28e1d48c5b16b"
  integrity sha1-4Sw5Obfq9OWxXnrUxeKOHUjFsWs=

character-reference-invalid@^1.0.0:
  version "1.1.4"
  resolved "https://registry.npmjs.intuit.com:443/artifactory/api/npm/npm-intuit/character-reference-invalid/-/character-reference-invalid-1.1.4.tgz#083329cda0eae272ab3dbbf37e9a382c13af1560"
  integrity sha1-CDMpzaDq4nKrPbvzfpo4LBOvFWA=

debug@^4.0.0:
  version "4.3.1"
  resolved "https://registry.npmjs.intuit.com:443/artifactory/api/npm/npm-intuit/debug/-/debug-4.3.1.tgz#f0d229c505e0c6d8c49ac553d1b13dc183f6b2ee"
  integrity sha1-8NIpxQXgxtjEmsVT0bE9wYP2su4=
  dependencies:
    ms "2.1.2"

extend@^3.0.0:
  version "3.0.2"
  resolved "https://registry.npmjs.intuit.com:443/artifactory/api/npm/npm-intuit/extend/-/extend-3.0.2.tgz#f8b1136b4071fbd8eb140aff858b1019ec2915fa"
  integrity sha1-+LETa0Bx+9jrFAr/hYsQGewpFfo=

is-alphabetical@^1.0.0:
  version "1.0.4"
  resolved "https://registry.npmjs.intuit.com:443/artifactory/api/npm/npm-intuit/is-alphabetical/-/is-alphabetical-1.0.4.tgz#9e7d6b94916be22153745d184c298cbf986a686d"
  integrity sha1-nn1rlJFr4iFTdF0YTCmMv5hqaG0=

is-alphanumerical@^1.0.0:
  version "1.0.4"
  resolved "https://registry.npmjs.intuit.com:443/artifactory/api/npm/npm-intuit/is-alphanumerical/-/is-alphanumerical-1.0.4.tgz#7eb9a2431f855f6b1ef1a78e326df515696c4dbf"
  integrity sha1-frmiQx+FX2se8aeOMm31FWlsTb8=
  dependencies:
    is-alphabetical "^1.0.0"
    is-decimal "^1.0.0"

is-buffer@^2.0.0:
  version "2.0.5"
  resolved "https://registry.npmjs.intuit.com:443/artifactory/api/npm/npm-intuit/is-buffer/-/is-buffer-2.0.5.tgz#ebc252e400d22ff8d77fa09888821a24a658c191"
  integrity sha1-68JS5ADSL/jXf6CYiIIaJKZYwZE=

is-decimal@^1.0.0:
  version "1.0.4"
  resolved "https://registry.npmjs.intuit.com:443/artifactory/api/npm/npm-intuit/is-decimal/-/is-decimal-1.0.4.tgz#65a3a5958a1c5b63a706e1b333d7cd9f630d3fa5"
  integrity sha1-ZaOllYocW2OnBuGzM9fNn2MNP6U=

is-hexadecimal@^1.0.0:
  version "1.0.4"
  resolved "https://registry.npmjs.intuit.com:443/artifactory/api/npm/npm-intuit/is-hexadecimal/-/is-hexadecimal-1.0.4.tgz#cc35c97588da4bd49a8eedd6bc4082d44dcb23a7"
  integrity sha1-zDXJdYjaS9Saju3WvECC1E3LI6c=

is-plain-obj@^2.0.0:
  version "2.1.0"
  resolved "https://registry.npmjs.intuit.com:443/artifactory/api/npm/npm-intuit/is-plain-obj/-/is-plain-obj-2.1.0.tgz#45e42e37fccf1f40da8e5f76ee21515840c09287"
  integrity sha1-ReQuN/zPH0Dajl927iFRWEDAkoc=

longest-streak@^2.0.0:
  version "2.0.4"
  resolved "https://registry.npmjs.intuit.com:443/artifactory/api/npm/npm-intuit/longest-streak/-/longest-streak-2.0.4.tgz#b8599957da5b5dab64dee3fe316fa774597d90e4"
  integrity sha1-uFmZV9pbXatk3uP+MW+ndFl9kOQ=

mdast-util-from-markdown@^0.8.0:
  version "0.8.5"
  resolved "https://registry.npmjs.intuit.com:443/artifactory/api/npm/npm-intuit/mdast-util-from-markdown/-/mdast-util-from-markdown-0.8.5.tgz#d1ef2ca42bc377ecb0463a987910dae89bd9a28c"
  integrity sha1-0e8spCvDd+ywRjqYeRDa6JvZoow=
  dependencies:
    "@types/mdast" "^3.0.0"
    mdast-util-to-string "^2.0.0"
    micromark "~2.11.0"
    parse-entities "^2.0.0"
    unist-util-stringify-position "^2.0.0"

mdast-util-to-markdown@^0.6.0:
  version "0.6.5"
  resolved "https://registry.npmjs.intuit.com:443/artifactory/api/npm/npm-intuit/mdast-util-to-markdown/-/mdast-util-to-markdown-0.6.5.tgz#b33f67ca820d69e6cc527a93d4039249b504bebe"
  integrity sha1-sz9nyoINaebMUnqT1AOSSbUEvr4=
  dependencies:
    "@types/unist" "^2.0.0"
    longest-streak "^2.0.0"
    mdast-util-to-string "^2.0.0"
    parse-entities "^2.0.0"
    repeat-string "^1.0.0"
    zwitch "^1.0.0"

mdast-util-to-string@^2.0.0:
  version "2.0.0"
  resolved "https://registry.npmjs.intuit.com:443/artifactory/api/npm/npm-intuit/mdast-util-to-string/-/mdast-util-to-string-2.0.0.tgz#b8cfe6a713e1091cb5b728fc48885a4767f8b97b"
  integrity sha1-uM/mpxPhCRy1tyj8SIhaR2f4uXs=

micromark@~2.11.0:
  version "2.11.4"
  resolved "https://registry.npmjs.intuit.com:443/artifactory/api/npm/npm-intuit/micromark/-/micromark-2.11.4.tgz#d13436138eea826383e822449c9a5c50ee44665a"
  integrity sha1-0TQ2E47qgmOD6CJEnJpcUO5EZlo=
  dependencies:
    debug "^4.0.0"
    parse-entities "^2.0.0"

ms@2.1.2:
  version "2.1.2"
  resolved "https://registry.npmjs.intuit.com:443/artifactory/api/npm/npm-intuit/ms/-/ms-2.1.2.tgz#d09d1f357b443f493382a8eb3ccd183872ae6009"
  integrity sha1-0J0fNXtEP0kzgqjrPM0YOHKuYAk=

parse-entities@^2.0.0:
  version "2.0.0"
  resolved "https://registry.npmjs.intuit.com:443/artifactory/api/npm/npm-intuit/parse-entities/-/parse-entities-2.0.0.tgz#53c6eb5b9314a1f4ec99fa0fdf7ce01ecda0cbe8"
  integrity sha1-U8brW5MUofTsmfoP33zgHs2gy+g=
  dependencies:
    character-entities "^1.0.0"
    character-entities-legacy "^1.0.0"
    character-reference-invalid "^1.0.0"
    is-alphanumerical "^1.0.0"
    is-decimal "^1.0.0"
    is-hexadecimal "^1.0.0"

remark-parse@^9.0.0:
  version "9.0.0"
  resolved "https://registry.npmjs.intuit.com:443/artifactory/api/npm/npm-intuit/remark-parse/-/remark-parse-9.0.0.tgz#4d20a299665880e4f4af5d90b7c7b8a935853640"
  integrity sha1-TSCimWZYgOT0r12Qt8e4qTWFNkA=
  dependencies:
    mdast-util-from-markdown "^0.8.0"

remark-stringify@^9.0.0:
  version "9.0.1"
  resolved "https://registry.npmjs.intuit.com:443/artifactory/api/npm/npm-intuit/remark-stringify/-/remark-stringify-9.0.1.tgz#576d06e910548b0a7191a71f27b33f1218862894"
  integrity sha1-V20G6RBUiwpxkacfJ7M/EhiGKJQ=
  dependencies:
    mdast-util-to-markdown "^0.6.0"

remark@^13.0.0:
  version "13.0.0"
  resolved "https://registry.npmjs.intuit.com:443/artifactory/api/npm/npm-intuit/remark/-/remark-13.0.0.tgz#d15d9bf71a402f40287ebe36067b66d54868e425"
  integrity sha1-0V2b9xpAL0Aofr42Bntm1Uho5CU=
  dependencies:
    remark-parse "^9.0.0"
    remark-stringify "^9.0.0"
    unified "^9.1.0"

repeat-string@^1.0.0:
  version "1.6.1"
  resolved "https://registry.npmjs.intuit.com:443/artifactory/api/npm/npm-intuit/repeat-string/-/repeat-string-1.6.1.tgz#8dcae470e1c88abc2d600fff4a776286da75e637"
  integrity sha1-jcrkcOHIirwtYA//Sndihtp15jc=

trough@^1.0.0:
  version "1.0.5"
  resolved "https://registry.npmjs.intuit.com:443/artifactory/api/npm/npm-intuit/trough/-/trough-1.0.5.tgz#b8b639cefad7d0bb2abd37d433ff8293efa5f406"
  integrity sha1-uLY5zvrX0LsqvTfUM/+Ck++l9AY=

unified@^9.1.0:
  version "9.2.1"
  resolved "https://registry.npmjs.intuit.com:443/artifactory/api/npm/npm-intuit/unified/-/unified-9.2.1.tgz#ae18d5674c114021bfdbdf73865ca60f410215a3"
  integrity sha1-rhjVZ0wRQCG/299zhlymD0ECFaM=
  dependencies:
    bail "^1.0.0"
    extend "^3.0.0"
    is-buffer "^2.0.0"
    is-plain-obj "^2.0.0"
    trough "^1.0.0"
    vfile "^4.0.0"

unist-util-stringify-position@^2.0.0:
  version "2.0.3"
  resolved "https://registry.npmjs.intuit.com:443/artifactory/api/npm/npm-intuit/unist-util-stringify-position/-/unist-util-stringify-position-2.0.3.tgz#cce3bfa1cdf85ba7375d1d5b17bdc4cada9bd9da"
  integrity sha1-zOO/oc34W6c3XR1bF73Eytqb2do=
  dependencies:
    "@types/unist" "^2.0.2"

vfile-message@^2.0.0:
  version "2.0.4"
  resolved "https://registry.npmjs.intuit.com:443/artifactory/api/npm/npm-intuit/vfile-message/-/vfile-message-2.0.4.tgz#5b43b88171d409eae58477d13f23dd41d52c371a"
  integrity sha1-W0O4gXHUCerlhHfRPyPdQdUsNxo=
  dependencies:
    "@types/unist" "^2.0.0"
    unist-util-stringify-position "^2.0.0"

vfile@^4.0.0:
  version "4.2.1"
  resolved "https://registry.npmjs.intuit.com:443/artifactory/api/npm/npm-intuit/vfile/-/vfile-4.2.1.tgz#03f1dce28fc625c625bc6514350fbdb00fa9e624"
  integrity sha1-A/Hc4o/GJcYlvGUUNQ+9sA+p5iQ=
  dependencies:
    "@types/unist" "^2.0.0"
    is-buffer "^2.0.0"
    unist-util-stringify-position "^2.0.0"
    vfile-message "^2.0.0"

zwitch@^1.0.0:
  version "1.0.5"
  resolved "https://registry.npmjs.intuit.com:443/artifactory/api/npm/npm-intuit/zwitch/-/zwitch-1.0.5.tgz#d11d7381ffed16b742f6af7b3f223d5cd9fe9920"
  integrity sha1-0R1zgf/tFrdC9q97PyI9XNn+mSA=
